
Microsoft Visual Studio Solution File, Format Version 12.00
# Visual Studio Version 17
VisualStudioVersion = 17.1.32414.318
MinimumVisualStudioVersion = 10.0.40219.1
Project("{FAE04EC0-301F-11D3-BF4B-00C04F79EFBC}") = "UIPrincipal", "UIPrincipal\UIPrincipal.csproj", "{5100EC79-89F4-46AC-BFA3-7AFB72B7B05F}"
EndProject
Project("{FAE04EC0-301F-11D3-BF4B-00C04F79EFBC}") = "Model", "Model\Model.csproj", "{E3A78491-F549-4C29-9D45-D017A4C65CE0}"
EndProject
Project("{FAE04EC0-301F-11D3-BF4B-00C04F79EFBC}") = "DAL", "DAL\DAL.csproj", "{7F04A692-7512-4B6F-A119-000740CA30A7}"
EndProject
Project("{FAE04EC0-301F-11D3-BF4B-00C04F79EFBC}") = "Infra", "Infra\Infra.csproj", "{E2FD6F58-E77B-482F-B42F-C24311D24B82}"
EndProject
Project("{FAE04EC0-301F-11D3-BF4B-00C04F79EFBC}") = "BLL", "BLL\BLL.csproj", "{1AAFD639-4499-4E03-904F-DBE0E20696AD}"
EndProject
Global
	GlobalSection(SolutionConfigurationPlatforms) = preSolution
		Debug|Any CPU = Debug|Any CPU
		Release|Any CPU = Release|Any CPU
	EndGlobalSection
	GlobalSection(ProjectConfigurationPlatforms) = postSolution
		{5100EC79-89F4-46AC-BFA3-7AFB72B7B05F}.Debug|Any CPU.ActiveCfg = Debug|Any CPU
		{5100EC79-89F4-46AC-BFA3-7AFB72B7B05F}.Debug|Any CPU.Build.0 = Debug|Any CPU
		{5100EC79-89F4-46AC-BFA3-7AFB72B7B05F}.Release|Any CPU.ActiveCfg = Release|Any CPU
		{5100EC79-89F4-46AC-BFA3-7AFB72B7B05F}.Release|Any CPU.Build.0 = Release|Any CPU
		{E3A78491-F549-4C29-9D45-D017A4C65CE0}.Debug|Any CPU.ActiveCfg = Debug|Any CPU
		{E3A78491-F549-4C29-9D45-D017A4C65CE0}.Debug|Any CPU.Build.0 = Debug|Any CPU
		{E3A78491-F549-4C29-9D45-D017A4C65CE0}.Release|Any CPU.ActiveCfg = Release|Any CPU
		{E3A78491-F549-4C29-9D45-D017A4C65CE0}.Release|Any CPU.Build.0 = Release|Any CPU
		{7F04A692-7512-4B6F-A119-000740CA30A7}.Debug|Any CPU.ActiveCfg = Debug|Any CPU
		{7F04A692-7512-4B6F-A119-000740CA30A7}.Debug|Any CPU.Build.0 = Debug|Any CPU
		{7F04A692-7512-4B6F-A119-000740CA30A7}.Release|Any CPU.ActiveCfg = Release|Any CPU
		{7F04A692-7512-4B6F-A119-000740CA30A7}.Release|Any CPU.Build.0 = Release|Any CPU
		{E2FD6F58-E77B-482F-B42F-C24311D24B82}.Debug|Any CPU.ActiveCfg = Debug|Any CPU
		{E2FD6F58-E77B-482F-B42F-C24311D24B82}.Debug|Any CPU.Build.0 = Debug|Any CPU
		{E2FD6F58-E77B-482F-B42F-C24311D24B82}.Release|Any CPU.ActiveCfg = Release|Any CPU
		{E2FD6F58-E77B-482F-B42F-C24311D24B82}.Release|Any CPU.Build.0 = Release|Any CPU
		{1AAFD639-4499-4E03-904F-DBE0E20696AD}.Debug|Any CPU.ActiveCfg = Debug|Any CPU
		{1AAFD639-4499-4E03-904F-DBE0E20696AD}.Debug|Any CPU.Build.0 = Debug|Any CPU
		{1AAFD639-4499-4E03-904F-DBE0E20696AD}.Release|Any CPU.ActiveCfg = Release|Any CPU
		{1AAFD639-4499-4E03-904F-DBE0E20696AD}.Release|Any CPU.Build.0 = Release|Any CPU
	EndGlobalSection
	GlobalSection(SolutionProperties) = preSolution
		HideSolutionNode = FALSE
	EndGlobalSection
	GlobalSection(ExtensibilityGlobals) = postSolution
		SolutionGuid = {84168B31-43D7-4684-92ED-B438BBC701B1}
	EndGlobalSection
EndGlobal
